
Microsoft Visual Studio Solution File, Format Version 12.00
Project("{FAE04EC0-301F-11D3-BF4B-00C04F79EFBC}") = "Xyz.Models", "Xyz.Models\Xyz.Models.csproj", "{901F1327-61B2-4959-972F-984F4C4C857B}"
EndProject
Project("{FAE04EC0-301F-11D3-BF4B-00C04F79EFBC}") = "Xyz.Infrastructure.Abstractions", "Xyz.Infrastructure.Abstractions\Xyz.Infrastructure.Abstractions.csproj", "{D5E34115-C640-49DE-9D90-52CAB6EAC22C}"
EndProject
Project("{FAE04EC0-301F-11D3-BF4B-00C04F79EFBC}") = "Xyz.Infrastructure.EF", "Xyz.Infrastructure.EF\Xyz.Infrastructure.EF.csproj", "{6AED084E-AD84-4294-8D33-6A9CFF84605B}"
EndProject
Project("{FAE04EC0-301F-11D3-BF4B-00C04F79EFBC}") = "Xyz.Services.Abstractions", "Xyz.Services.Abstractions\Xyz.Services.Abstractions.csproj", "{B26EBB8C-7E82-428A-B437-0AC448BE1E69}"
EndProject
Project("{FAE04EC0-301F-11D3-BF4B-00C04F79EFBC}") = "Xyz.Services", "Xyz.Services\Xyz.Services.csproj", "{6B459B50-4261-4575-9708-2658D1A5E8FA}"
EndProject
Project("{FAE04EC0-301F-11D3-BF4B-00C04F79EFBC}") = "Xyz.DTO", "Xyz.DTO\Xyz.DTO.csproj", "{D4148ABF-3526-46CC-B491-E9DC8F54E02B}"
EndProject
Project("{FAE04EC0-301F-11D3-BF4B-00C04F79EFBC}") = "Xyz.SDK", "Xyz.SDK\Xyz.SDK.csproj", "{503B44BB-DB40-4F94-9BAE-F2EF86E6D591}"
EndProject
Project("{2150E333-8FDC-42A3-9474-1A3956D46DE8}") = "Infrastructure", "Infrastructure", "{C61A19A2-9173-458D-AEE7-238D6733900E}"
EndProject
Project("{2150E333-8FDC-42A3-9474-1A3956D46DE8}") = "Domain", "Domain", "{AE1C8E67-2ED2-4625-8FC8-AB3A66027369}"
EndProject
Project("{FAE04EC0-301F-11D3-BF4B-00C04F79EFBC}") = "Xyz.Services.Tests", "Xyz.Services.Tests\Xyz.Services.Tests.csproj", "{C60DA1EE-FC37-405A-9F58-A084F89DE183}"
EndProject
Project("{FAE04EC0-301F-11D3-BF4B-00C04F79EFBC}") = "Xyz.WebAPI", "Xyz.WebAPI\Xyz.WebAPI.csproj", "{99ECA56E-717B-460B-ADD9-68E2534AC380}"
EndProject
Global
	GlobalSection(SolutionConfigurationPlatforms) = preSolution
		Debug|Any CPU = Debug|Any CPU
		Release|Any CPU = Release|Any CPU
	EndGlobalSection
	GlobalSection(ProjectConfigurationPlatforms) = postSolution
		{901F1327-61B2-4959-972F-984F4C4C857B}.Debug|Any CPU.ActiveCfg = Debug|Any CPU
		{901F1327-61B2-4959-972F-984F4C4C857B}.Debug|Any CPU.Build.0 = Debug|Any CPU
		{901F1327-61B2-4959-972F-984F4C4C857B}.Release|Any CPU.ActiveCfg = Release|Any CPU
		{901F1327-61B2-4959-972F-984F4C4C857B}.Release|Any CPU.Build.0 = Release|Any CPU
		{D5E34115-C640-49DE-9D90-52CAB6EAC22C}.Debug|Any CPU.ActiveCfg = Debug|Any CPU
		{D5E34115-C640-49DE-9D90-52CAB6EAC22C}.Debug|Any CPU.Build.0 = Debug|Any CPU
		{D5E34115-C640-49DE-9D90-52CAB6EAC22C}.Release|Any CPU.ActiveCfg = Release|Any CPU
		{D5E34115-C640-49DE-9D90-52CAB6EAC22C}.Release|Any CPU.Build.0 = Release|Any CPU
		{6AED084E-AD84-4294-8D33-6A9CFF84605B}.Debug|Any CPU.ActiveCfg = Debug|Any CPU
		{6AED084E-AD84-4294-8D33-6A9CFF84605B}.Debug|Any CPU.Build.0 = Debug|Any CPU
		{6AED084E-AD84-4294-8D33-6A9CFF84605B}.Release|Any CPU.ActiveCfg = Release|Any CPU
		{6AED084E-AD84-4294-8D33-6A9CFF84605B}.Release|Any CPU.Build.0 = Release|Any CPU
		{B26EBB8C-7E82-428A-B437-0AC448BE1E69}.Debug|Any CPU.ActiveCfg = Debug|Any CPU
		{B26EBB8C-7E82-428A-B437-0AC448BE1E69}.Debug|Any CPU.Build.0 = Debug|Any CPU
		{B26EBB8C-7E82-428A-B437-0AC448BE1E69}.Release|Any CPU.ActiveCfg = Release|Any CPU
		{B26EBB8C-7E82-428A-B437-0AC448BE1E69}.Release|Any CPU.Build.0 = Release|Any CPU
		{6B459B50-4261-4575-9708-2658D1A5E8FA}.Debug|Any CPU.ActiveCfg = Debug|Any CPU
		{6B459B50-4261-4575-9708-2658D1A5E8FA}.Debug|Any CPU.Build.0 = Debug|Any CPU
		{6B459B50-4261-4575-9708-2658D1A5E8FA}.Release|Any CPU.ActiveCfg = Release|Any CPU
		{6B459B50-4261-4575-9708-2658D1A5E8FA}.Release|Any CPU.Build.0 = Release|Any CPU
		{D4148ABF-3526-46CC-B491-E9DC8F54E02B}.Debug|Any CPU.ActiveCfg = Debug|Any CPU
		{D4148ABF-3526-46CC-B491-E9DC8F54E02B}.Debug|Any CPU.Build.0 = Debug|Any CPU
		{D4148ABF-3526-46CC-B491-E9DC8F54E02B}.Release|Any CPU.ActiveCfg = Release|Any CPU
		{D4148ABF-3526-46CC-B491-E9DC8F54E02B}.Release|Any CPU.Build.0 = Release|Any CPU
		{503B44BB-DB40-4F94-9BAE-F2EF86E6D591}.Debug|Any CPU.ActiveCfg = Debug|Any CPU
		{503B44BB-DB40-4F94-9BAE-F2EF86E6D591}.Debug|Any CPU.Build.0 = Debug|Any CPU
		{503B44BB-DB40-4F94-9BAE-F2EF86E6D591}.Release|Any CPU.ActiveCfg = Release|Any CPU
		{503B44BB-DB40-4F94-9BAE-F2EF86E6D591}.Release|Any CPU.Build.0 = Release|Any CPU
		{C60DA1EE-FC37-405A-9F58-A084F89DE183}.Debug|Any CPU.ActiveCfg = Debug|Any CPU
		{C60DA1EE-FC37-405A-9F58-A084F89DE183}.Debug|Any CPU.Build.0 = Debug|Any CPU
		{C60DA1EE-FC37-405A-9F58-A084F89DE183}.Release|Any CPU.ActiveCfg = Release|Any CPU
		{C60DA1EE-FC37-405A-9F58-A084F89DE183}.Release|Any CPU.Build.0 = Release|Any CPU
		{99ECA56E-717B-460B-ADD9-68E2534AC380}.Debug|Any CPU.ActiveCfg = Debug|Any CPU
		{99ECA56E-717B-460B-ADD9-68E2534AC380}.Debug|Any CPU.Build.0 = Debug|Any CPU
		{99ECA56E-717B-460B-ADD9-68E2534AC380}.Release|Any CPU.ActiveCfg = Release|Any CPU
		{99ECA56E-717B-460B-ADD9-68E2534AC380}.Release|Any CPU.Build.0 = Release|Any CPU
	EndGlobalSection
	GlobalSection(NestedProjects) = preSolution
		{D5E34115-C640-49DE-9D90-52CAB6EAC22C} = {C61A19A2-9173-458D-AEE7-238D6733900E}
		{6AED084E-AD84-4294-8D33-6A9CFF84605B} = {C61A19A2-9173-458D-AEE7-238D6733900E}
		{6B459B50-4261-4575-9708-2658D1A5E8FA} = {AE1C8E67-2ED2-4625-8FC8-AB3A66027369}
		{B26EBB8C-7E82-428A-B437-0AC448BE1E69} = {AE1C8E67-2ED2-4625-8FC8-AB3A66027369}
		{C60DA1EE-FC37-405A-9F58-A084F89DE183} = {AE1C8E67-2ED2-4625-8FC8-AB3A66027369}
	EndGlobalSection
EndGlobal
